{
  "name": "untoz-site",
  "version": "0.1.0",
  "lockfileVersion": 3,
  "requires": true,
  "packages": {
    "": {
      "name": "untoz-site",
      "version": "0.1.0",
      "dependencies": {
        "@vitejs/plugin-react": "latest",
        "lucide-react": "latest",
        "react": "latest",
        "react-dom": "latest",
        "vite": "latest"
      }
    }
  }
}
